
Microsoft Visual Studio Solution File, Format Version 12.00
# Visual Studio Version 16
VisualStudioVersion = 16.0.29215.179
MinimumVisualStudioVersion = 10.0.40219.1
Project("{FAE04EC0-301F-11D3-BF4B-00C04F79EFBC}") = "CountingValleys", "CountingValleys\CountingValleys.csproj", "{1AC92431-CC44-43AB-A5F7-2675BC455746}"
EndProject
Project("{FAE04EC0-301F-11D3-BF4B-00C04F79EFBC}") = "CountingValleysTests", "CountingValleysTests\CountingValleysTests.csproj", "{3852BA18-4F60-4A6C-9A8E-15F800E1266B}"
EndProject
Global
	GlobalSection(SolutionConfigurationPlatforms) = preSolution
		Debug|Any CPU = Debug|Any CPU
		Release|Any CPU = Release|Any CPU
	EndGlobalSection
	GlobalSection(ProjectConfigurationPlatforms) = postSolution
		{1AC92431-CC44-43AB-A5F7-2675BC455746}.Debug|Any CPU.ActiveCfg = Debug|Any CPU
		{1AC92431-CC44-43AB-A5F7-2675BC455746}.Debug|Any CPU.Build.0 = Debug|Any CPU
		{1AC92431-CC44-43AB-A5F7-2675BC455746}.Release|Any CPU.ActiveCfg = Release|Any CPU
		{1AC92431-CC44-43AB-A5F7-2675BC455746}.Release|Any CPU.Build.0 = Release|Any CPU
		{3852BA18-4F60-4A6C-9A8E-15F800E1266B}.Debug|Any CPU.ActiveCfg = Debug|Any CPU
		{3852BA18-4F60-4A6C-9A8E-15F800E1266B}.Debug|Any CPU.Build.0 = Debug|Any CPU
		{3852BA18-4F60-4A6C-9A8E-15F800E1266B}.Release|Any CPU.ActiveCfg = Release|Any CPU
		{3852BA18-4F60-4A6C-9A8E-15F800E1266B}.Release|Any CPU.Build.0 = Release|Any CPU
	EndGlobalSection
	GlobalSection(SolutionProperties) = preSolution
		HideSolutionNode = FALSE
	EndGlobalSection
	GlobalSection(ExtensibilityGlobals) = postSolution
		SolutionGuid = {98217ABF-DF33-4CD5-9D0C-A46F3F353508}
	EndGlobalSection
EndGlobal
