
Microsoft Visual Studio Solution File, Format Version 12.00
# Visual Studio Version 16
VisualStudioVersion = 16.0.30413.136
MinimumVisualStudioVersion = 10.0.40219.1
Project("{9A19103F-16F7-4668-BE54-9A1E7A4F7556}") = "TestingArea", "TestingArea\TestingArea.csproj", "{9938C4EF-7632-4C59-9355-248812013A6F}"
EndProject
Project("{FAE04EC0-301F-11D3-BF4B-00C04F79EFBC}") = "TestTheArea", "TestTheArea\TestTheArea.csproj", "{BDAA7633-1A96-4935-9A46-D62E427777CA}"
EndProject
Global
	GlobalSection(SolutionConfigurationPlatforms) = preSolution
		Debug|Any CPU = Debug|Any CPU
		Release|Any CPU = Release|Any CPU
	EndGlobalSection
	GlobalSection(ProjectConfigurationPlatforms) = postSolution
		{9938C4EF-7632-4C59-9355-248812013A6F}.Debug|Any CPU.ActiveCfg = Debug|Any CPU
		{9938C4EF-7632-4C59-9355-248812013A6F}.Debug|Any CPU.Build.0 = Debug|Any CPU
		{9938C4EF-7632-4C59-9355-248812013A6F}.Release|Any CPU.ActiveCfg = Release|Any CPU
		{9938C4EF-7632-4C59-9355-248812013A6F}.Release|Any CPU.Build.0 = Release|Any CPU
		{BDAA7633-1A96-4935-9A46-D62E427777CA}.Debug|Any CPU.ActiveCfg = Debug|Any CPU
		{BDAA7633-1A96-4935-9A46-D62E427777CA}.Debug|Any CPU.Build.0 = Debug|Any CPU
		{BDAA7633-1A96-4935-9A46-D62E427777CA}.Release|Any CPU.ActiveCfg = Release|Any CPU
		{BDAA7633-1A96-4935-9A46-D62E427777CA}.Release|Any CPU.Build.0 = Release|Any CPU
	EndGlobalSection
	GlobalSection(SolutionProperties) = preSolution
		HideSolutionNode = FALSE
	EndGlobalSection
	GlobalSection(ExtensibilityGlobals) = postSolution
		SolutionGuid = {59A47195-1AF6-42E0-9EB9-1D1FF56CBB8D}
	EndGlobalSection
EndGlobal
